PODS:
  - AVOSCloud (3.1.3.1)
  - EaseMobSDK (2.1.9)
  - libextobjc (0.4.1):
    - libextobjc/EXTADT (= 0.4.1)
    - libextobjc/EXTConcreteProtocol (= 0.4.1)
    - libextobjc/EXTKeyPathCoding (= 0.4.1)
    - libextobjc/EXTNil (= 0.4.1)
    - libextobjc/EXTSafeCategory (= 0.4.1)
    - libextobjc/EXTScope (= 0.4.1)
    - libextobjc/EXTSelectorChecking (= 0.4.1)
    - libextobjc/EXTSynthesize (= 0.4.1)
    - libextobjc/NSInvocation+EXT (= 0.4.1)
    - libextobjc/NSMethodSignature+EXT (= 0.4.1)
    - libextobjc/RuntimeExtensions (= 0.4.1)
    - libextobjc/UmbrellaHeader (= 0.4.1)
  - libextobjc/EXTADT (0.4.1):
    - libextobjc/RuntimeExtensions
  - libextobjc/EXTConcreteProtocol (0.4.1):
    - libextobjc/RuntimeExtensions
  - libextobjc/EXTKeyPathCoding (0.4.1):
    - libextobjc/RuntimeExtensions
  - libextobjc/EXTNil (0.4.1):
    - libextobjc/RuntimeExtensions
  - libextobjc/EXTSafeCategory (0.4.1):
    - libextobjc/RuntimeExtensions
  - libextobjc/EXTScope (0.4.1):
    - libextobjc/RuntimeExtensions
  - libextobjc/EXTSelectorChecking (0.4.1):
    - libextobjc/RuntimeExtensions
  - libextobjc/EXTSynthesize (0.4.1):
    - libextobjc/RuntimeExtensions
  - libextobjc/NSInvocation+EXT (0.4.1):
    - libextobjc/RuntimeExtensions
  - libextobjc/NSMethodSignature+EXT (0.4.1):
    - libextobjc/RuntimeExtensions
  - libextobjc/RuntimeExtensions (0.4.1)
  - libextobjc/UmbrellaHeader (0.4.1)
  - MBProgressHUD (0.9.1)
  - ReactiveCocoa (2.5):
    - ReactiveCocoa/UI (= 2.5)
  - ReactiveCocoa/Core (2.5):
    - ReactiveCocoa/no-arc
  - ReactiveCocoa/no-arc (2.5)
  - ReactiveCocoa/UI (2.5):
    - ReactiveCocoa/Core
  - SSKeychain (1.2.3)

DEPENDENCIES:
  - AVOSCloud (~> 3.1)
  - EaseMobSDK (from `https://github.com/easemob/sdk-ios-cocoapods.git`)
  - libextobjc (~> 0.4)
  - MBProgressHUD (~> 0.9)
  - ReactiveCocoa (~> 2.5)
  - SSKeychain (~> 1.2)

EXTERNAL SOURCES:
  EaseMobSDK:
    :git: https://github.com/easemob/sdk-ios-cocoapods.git

CHECKOUT OPTIONS:
  EaseMobSDK:
    :commit: 4ec299391d5072fe27a548b190c9b77d9fe58c5b
    :git: https://github.com/easemob/sdk-ios-cocoapods.git

SPEC CHECKSUMS:
  AVOSCloud: 3f2eaa6facbeace87d023f1db7670668bb5daaed
  EaseMobSDK: cc8415cb99a65debf4711fa2c9c349fd5c843299
  libextobjc: a650fc1bf489a3d3a9bc2e621efa3e1006fc5471
  MBProgressHUD: c47f2c166c126cf2ce36498d80f33e754d4e93ad
  ReactiveCocoa: e2db045570aa97c695e7aa97c2bcab222ae51f4a
  SSKeychain: 3f42991739c6c60a9cf1bbd4dff6c0d3694bcf3d

COCOAPODS: 0.37.2
